// !$*UTF8*$!
{
	archiveVersion = 1;
	classes = {
	};
	objectVersion = 50;
	objects = {

/* Begin PBXBuildFile section */
		4B3D5DD7246D8F2F00328B02 /* AppDelegate.swift in Sources */ = {isa = PBXBuildFile; fileRef = 4B3D5DD6246D8F2F00328B02 /* AppDelegate.swift */; };
		4B3D5DDB246D8F2F00328B02 /* LoginViewController.swift in Sources */ = {isa = PBXBuildFile; fileRef = 4B3D5DDA246D8F2F00328B02 /* LoginViewController.swift */; };
		4B3D5DDE246D8F2F00328B02 /* Main.storyboard in Resources */ = {isa = PBXBuildFile; fileRef = 4B3D5DDC246D8F2F00328B02 /* Main.storyboard */; };
		4B3D5DE0246D8F3200328B02 /* Assets.xcassets in Resources */ = {isa = PBXBuildFile; fileRef = 4B3D5DDF246D8F3200328B02 /* Assets.xcassets */; };
		4B3D5DE3246D8F3200328B02 /* LaunchScreen.storyboard in Resources */ = {isa = PBXBuildFile; fileRef = 4B3D5DE1246D8F3200328B02 /* LaunchScreen.storyboard */; };
		4B4513C8247AF7AD009EE471 /* ValidatableTextField.swift in Sources */ = {isa = PBXBuildFile; fileRef = 4B4513C7247AF7AD009EE471 /* ValidatableTextField.swift */; };
		4B4513CA247AF885009EE471 /* ActionableButton.swift in Sources */ = {isa = PBXBuildFile; fileRef = 4B4513C9247AF885009EE471 /* ActionableButton.swift */; };
		4B4513CC247AF9D6009EE471 /* LoginValidatableTextField.swift in Sources */ = {isa = PBXBuildFile; fileRef = 4B4513CB247AF9D6009EE471 /* LoginValidatableTextField.swift */; };
		4B4513CE247AFA06009EE471 /* PasswordValidatableTextField.swift in Sources */ = {isa = PBXBuildFile; fileRef = 4B4513CD247AFA06009EE471 /* PasswordValidatableTextField.swift */; };
		4BC1599D246D924900075952 /* TypesAndFunctions.swift in Sources */ = {isa = PBXBuildFile; fileRef = 4BC1599C246D924900075952 /* TypesAndFunctions.swift */; };
		4BC1599F246D945400075952 /* LoginPresenter.swift in Sources */ = {isa = PBXBuildFile; fileRef = 4BC1599E246D945400075952 /* LoginPresenter.swift */; };
		4BC159A3246DB91A00075952 /* Validator.swift in Sources */ = {isa = PBXBuildFile; fileRef = 4BC159A2246DB91A00075952 /* Validator.swift */; };
		4BC159A5246DBB0A00075952 /* LoginValidator.swift in Sources */ = {isa = PBXBuildFile; fileRef = 4BC159A4246DBB0A00075952 /* LoginValidator.swift */; };
		4BC159A7246DBB1800075952 /* PasswordValidator.swift in Sources */ = {isa = PBXBuildFile; fileRef = 4BC159A6246DBB1800075952 /* PasswordValidator.swift */; };
		4BC159A9246DD19000075952 /* StorybookViewController.swift in Sources */ = {isa = PBXBuildFile; fileRef = 4BC159A8246DD19000075952 /* StorybookViewController.swift */; };
/* End PBXBuildFile section */

/* Begin PBXFileReference section */
		4B3D5DD3246D8F2F00328B02 /* iOS_MVP.app */ = {isa = PBXFileReference; explicitFileType = wrapper.application; includeInIndex = 0; path = iOS_MVP.app; sourceTree = BUILT_PRODUCTS_DIR; };
		4B3D5DD6246D8F2F00328B02 /* AppDelegate.swift */ = {isa = PBXFileReference; lastKnownFileType = sourcecode.swift; path = AppDelegate.swift; sourceTree = "<group>"; };
		4B3D5DDA246D8F2F00328B02 /* LoginViewController.swift */ = {isa = PBXFileReference; lastKnownFileType = sourcecode.swift; path = LoginViewController.swift; sourceTree = "<group>"; };
		4B3D5DDD246D8F2F00328B02 /* Base */ = {isa = PBXFileReference; lastKnownFileType = file.storyboard; name = Base; path = Base.lproj/Main.storyboard; sourceTree = "<group>"; };
		4B3D5DDF246D8F3200328B02 /* Assets.xcassets */ = {isa = PBXFileReference; lastKnownFileType = folder.assetcatalog; path = Assets.xcassets; sourceTree = "<group>"; };
		4B3D5DE2246D8F3200328B02 /* Base */ = {isa = PBXFileReference; lastKnownFileType = file.storyboard; name = Base; path = Base.lproj/LaunchScreen.storyboard; sourceTree = "<group>"; };
		4B3D5DE4246D8F3200328B02 /* Info.plist */ = {isa = PBXFileReference; lastKnownFileType = text.plist.xml; path = Info.plist; sourceTree = "<group>"; };
		4B4513C7247AF7AD009EE471 /* ValidatableTextField.swift */ = {isa = PBXFileReference; lastKnownFileType = sourcecode.swift; path = ValidatableTextField.swift; sourceTree = "<group>"; };
		4B4513C9247AF885009EE471 /* ActionableButton.swift */ = {isa = PBXFileReference; lastKnownFileType = sourcecode.swift; path = ActionableButton.swift; sourceTree = "<group>"; };
		4B4513CB247AF9D6009EE471 /* LoginValidatableTextField.swift */ = {isa = PBXFileReference; lastKnownFileType = sourcecode.swift; path = LoginValidatableTextField.swift; sourceTree = "<group>"; };
		4B4513CD247AFA06009EE471 /* PasswordValidatableTextField.swift */ = {isa = PBXFileReference; lastKnownFileType = sourcecode.swift; path = PasswordValidatableTextField.swift; sourceTree = "<group>"; };
		4BC1599C246D924900075952 /* TypesAndFunctions.swift */ = {isa = PBXFileReference; lastKnownFileType = sourcecode.swift; path = TypesAndFunctions.swift; sourceTree = "<group>"; };
		4BC1599E246D945400075952 /* LoginPresenter.swift */ = {isa = PBXFileReference; lastKnownFileType = sourcecode.swift; path = LoginPresenter.swift; sourceTree = "<group>"; };
		4BC159A2246DB91A00075952 /* Validator.swift */ = {isa = PBXFileReference; lastKnownFileType = sourcecode.swift; path = Validator.swift; sourceTree = "<group>"; };
		4BC159A4246DBB0A00075952 /* LoginValidator.swift */ = {isa = PBXFileReference; lastKnownFileType = sourcecode.swift; path = LoginValidator.swift; sourceTree = "<group>"; };
		4BC159A6246DBB1800075952 /* PasswordValidator.swift */ = {isa = PBXFileReference; lastKnownFileType = sourcecode.swift; path = PasswordValidator.swift; sourceTree = "<group>"; };
		4BC159A8246DD19000075952 /* StorybookViewController.swift */ = {isa = PBXFileReference; lastKnownFileType = sourcecode.swift; path = StorybookViewController.swift; sourceTree = "<group>"; };
/* End PBXFileReference section */

/* Begin PBXFrameworksBuildPhase section */
		4B3D5DD0246D8F2F00328B02 /* Frameworks */ = {
			isa = PBXFrameworksBuildPhase;
			buildActionMask = 2147483647;
			files = (
			);
			runOnlyForDeploymentPostprocessing = 0;
		};
/* End PBXFrameworksBuildPhase section */

/* Begin PBXGroup section */
		4B3D5DCA246D8F2F00328B02 = {
			isa = PBXGroup;
			children = (
				4B3D5DD5246D8F2F00328B02 /* iOS_MVP */,
				4B3D5DD4246D8F2F00328B02 /* Products */,
			);
			sourceTree = "<group>";
		};
		4B3D5DD4246D8F2F00328B02 /* Products */ = {
			isa = PBXGroup;
			children = (
				4B3D5DD3246D8F2F00328B02 /* iOS_MVP.app */,
			);
			name = Products;
			sourceTree = "<group>";
		};
		4B3D5DD5246D8F2F00328B02 /* iOS_MVP */ = {
			isa = PBXGroup;
			children = (
				4B3D5DD6246D8F2F00328B02 /* AppDelegate.swift */,
				4BC159A8246DD19000075952 /* StorybookViewController.swift */,
				4B4513CF247B0A6D009EE471 /* AppUIKit */,
				4B4513D0247B0A80009EE471 /* Validators */,
				4B4513D1247B0A9E009EE471 /* Screens */,
				4B3D5DDC246D8F2F00328B02 /* Main.storyboard */,
				4B3D5DDF246D8F3200328B02 /* Assets.xcassets */,
				4B3D5DE1246D8F3200328B02 /* LaunchScreen.storyboard */,
				4B3D5DE4246D8F3200328B02 /* Info.plist */,
				4BC1599C246D924900075952 /* TypesAndFunctions.swift */,
			);
			path = iOS_MVP;
			sourceTree = "<group>";
		};
		4B4513CF247B0A6D009EE471 /* AppUIKit */ = {
			isa = PBXGroup;
			children = (
				4B4513C7247AF7AD009EE471 /* ValidatableTextField.swift */,
				4B4513CB247AF9D6009EE471 /* LoginValidatableTextField.swift */,
				4B4513CD247AFA06009EE471 /* PasswordValidatableTextField.swift */,
				4B4513C9247AF885009EE471 /* ActionableButton.swift */,
			);
			path = AppUIKit;
			sourceTree = "<group>";
		};
		4B4513D0247B0A80009EE471 /* Validators */ = {
			isa = PBXGroup;
			children = (
				4BC159A2246DB91A00075952 /* Validator.swift */,
				4BC159A4246DBB0A00075952 /* LoginValidator.swift */,
				4BC159A6246DBB1800075952 /* PasswordValidator.swift */,
			);
			path = Validators;
			sourceTree = "<group>";
		};
		4B4513D1247B0A9E009EE471 /* Screens */ = {
			isa = PBXGroup;
			children = (
				4B4513D2247B0AA5009EE471 /* Login */,
			);
			path = Screens;
			sourceTree = "<group>";
		};
		4B4513D2247B0AA5009EE471 /* Login */ = {
			isa = PBXGroup;
			children = (
				4B3D5DDA246D8F2F00328B02 /* LoginViewController.swift */,
				4BC1599E246D945400075952 /* LoginPresenter.swift */,
			);
			path = Login;
			sourceTree = "<group>";
		};
/* End PBXGroup section */

/* Begin PBXNativeTarget section */
		4B3D5DD2246D8F2F00328B02 /* iOS_MVP */ = {
			isa = PBXNativeTarget;
			buildConfigurationList = 4B3D5DE7246D8F3200328B02 /* Build configuration list for PBXNativeTarget "iOS_MVP" */;
			buildPhases = (
				4B3D5DCF246D8F2F00328B02 /* Sources */,
				4B3D5DD0246D8F2F00328B02 /* Frameworks */,
				4B3D5DD1246D8F2F00328B02 /* Resources */,
			);
			buildRules = (
			);
			dependencies = (
			);
			name = iOS_MVP;
			productName = iOS_MVP;
			productReference = 4B3D5DD3246D8F2F00328B02 /* iOS_MVP.app */;
			productType = "com.apple.product-type.application";
		};
/* End PBXNativeTarget section */

/* Begin PBXProject section */
		4B3D5DCB246D8F2F00328B02 /* Project object */ = {
			isa = PBXProject;
			attributes = {
				LastSwiftUpdateCheck = 1130;
				LastUpgradeCheck = 1130;
				ORGANIZATIONNAME = "Petro Korienev";
				TargetAttributes = {
					4B3D5DD2246D8F2F00328B02 = {
						CreatedOnToolsVersion = 11.3.1;
					};
				};
			};
			buildConfigurationList = 4B3D5DCE246D8F2F00328B02 /* Build configuration list for PBXProject "iOS_MVP" */;
			compatibilityVersion = "Xcode 9.3";
			developmentRegion = en;
			hasScannedForEncodings = 0;
			knownRegions = (
				en,
				Base,
			);
			mainGroup = 4B3D5DCA246D8F2F00328B02;
			productRefGroup = 4B3D5DD4246D8F2F00328B02 /* Products */;
			projectDirPath = "";
			projectRoot = "";
			targets = (
				4B3D5DD2246D8F2F00328B02 /* iOS_MVP */,
			);
		};
/* End PBXProject section */

/* Begin PBXResourcesBuildPhase section */
		4B3D5DD1246D8F2F00328B02 /* Resources */ = {
			isa = PBXResourcesBuildPhase;
			buildActionMask = 2147483647;
			files = (
				4B3D5DE3246D8F3200328B02 /* LaunchScreen.storyboard in Resources */,
				4B3D5DE0246D8F3200328B02 /* Assets.xcassets in Resources */,
				4B3D5DDE246D8F2F00328B02 /* Main.storyboard in Resources */,
			);
			runOnlyForDeploymentPostprocessing = 0;
		};
/* End PBXResourcesBuildPhase section */

/* Begin PBXSourcesBuildPhase section */
		4B3D5DCF246D8F2F00328B02 /* Sources */ = {
			isa = PBXSourcesBuildPhase;
			buildActionMask = 2147483647;
			files = (
				4BC1599F246D945400075952 /* LoginPresenter.swift in Sources */,
				4BC1599D246D924900075952 /* TypesAndFunctions.swift in Sources */,
				4BC159A9246DD19000075952 /* StorybookViewController.swift in Sources */,
				4BC159A7246DBB1800075952 /* PasswordValidator.swift in Sources */,
				4B4513CC247AF9D6009EE471 /* LoginValidatableTextField.swift in Sources */,
				4B3D5DDB246D8F2F00328B02 /* LoginViewController.swift in Sources */,
				4BC159A3246DB91A00075952 /* Validator.swift in Sources */,
				4BC159A5246DBB0A00075952 /* LoginValidator.swift in Sources */,
				4B4513CE247AFA06009EE471 /* PasswordValidatableTextField.swift in Sources */,
				4B3D5DD7246D8F2F00328B02 /* AppDelegate.swift in Sources */,
				4B4513CA247AF885009EE471 /* ActionableButton.swift in Sources */,
				4B4513C8247AF7AD009EE471 /* ValidatableTextField.swift in Sources */,
			);
			runOnlyForDeploymentPostprocessing = 0;
		};
/* End PBXSourcesBuildPhase section */

/* Begin PBXVariantGroup section */
		4B3D5DDC246D8F2F00328B02 /* Main.storyboard */ = {
			isa = PBXVariantGroup;
			children = (
				4B3D5DDD246D8F2F00328B02 /* Base */,
			);
			name = Main.storyboard;
			sourceTree = "<group>";
		};
		4B3D5DE1246D8F3200328B02 /* LaunchScreen.storyboard */ = {
			isa = PBXVariantGroup;
			children = (
				4B3D5DE2246D8F3200328B02 /* Base */,
			);
			name = LaunchScreen.storyboard;
			sourceTree = "<group>";
		};
/* End PBXVariantGroup section */

/* Begin XCBuildConfiguration section */
		4B3D5DE5246D8F3200328B02 /* Debug */ = {
			isa = XCBuildConfiguration;
			buildSettings = {
				ALWAYS_SEARCH_USER_PATHS = NO;
				CLANG_ANALYZER_NONNULL = YES;
				CLANG_ANALYZER_NUMBER_OBJECT_CONVERSION = YES_AGGRESSIVE;
				CLANG_CXX_LANGUAGE_STANDARD = "gnu++14";
				CLANG_CXX_LIBRARY = "libc++";
				CLANG_ENABLE_MODULES = YES;
				CLANG_ENABLE_OBJC_ARC = YES;
				CLANG_ENABLE_OBJC_WEAK = YES;
				CLANG_WARN_BLOCK_CAPTURE_AUTORELEASING = YES;
				CLANG_WARN_BOOL_CONVERSION = YES;
				CLANG_WARN_COMMA = YES;
				CLANG_WARN_CONSTANT_CONVERSION = YES;
				CLANG_WARN_DEPRECATED_OBJC_IMPLEMENTATIONS = YES;
				CLANG_WARN_DIRECT_OBJC_ISA_USAGE = YES_ERROR;
				CLANG_WARN_DOCUMENTATION_COMMENTS = YES;
				CLANG_WARN_EMPTY_BODY = YES;
				CLANG_WARN_ENUM_CONVERSION = YES;
				CLANG_WARN_INFINITE_RECURSION = YES;
				CLANG_WARN_INT_CONVERSION = YES;
				CLANG_WARN_NON_LITERAL_NULL_CONVERSION = YES;
				CLANG_WARN_OBJC_IMPLICIT_RETAIN_SELF = YES;
				CLANG_WARN_OBJC_LITERAL_CONVERSION = YES;
				CLANG_WARN_OBJC_ROOT_CLASS = YES_ERROR;
				CLANG_WARN_RANGE_LOOP_ANALYSIS = YES;
				CLANG_WARN_STRICT_PROTOTYPES = YES;
				CLANG_WARN_SUSPICIOUS_MOVE = YES;
				CLANG_WARN_UNGUARDED_AVAILABILITY = YES_AGGRESSIVE;
				CLANG_WARN_UNREACHABLE_CODE = YES;
				CLANG_WARN__DUPLICATE_METHOD_MATCH = YES;
				COPY_PHASE_STRIP = NO;
				DEBUG_INFORMATION_FORMAT = dwarf;
				ENABLE_STRICT_OBJC_MSGSEND = YES;
				ENABLE_TESTABILITY = YES;
				GCC_C_LANGUAGE_STANDARD = gnu11;
				GCC_DYNAMIC_NO_PIC = NO;
				GCC_NO_COMMON_BLOCKS = YES;
				GCC_OPTIMIZATION_LEVEL = 0;
				GCC_PREPROCESSOR_DEFINITIONS = (
					"DEBUG=1",
					"$(inherited)",
				);
				GCC_WARN_64_TO_32_BIT_CONVERSION = YES;
				GCC_WARN_ABOUT_RETURN_TYPE = YES_ERROR;
				GCC_WARN_UNDECLARED_SELECTOR = YES;
				GCC_WARN_UNINITIALIZED_AUTOS = YES_AGGRESSIVE;
				GCC_WARN_UNUSED_FUNCTION = YES;
				GCC_WARN_UNUSED_VARIABLE = YES;
				IPHONEOS_DEPLOYMENT_TARGET = 13.2;
				MTL_ENABLE_DEBUG_INFO = INCLUDE_SOURCE;
				MTL_FAST_MATH = YES;
				ONLY_ACTIVE_ARCH = YES;
				SDKROOT = iphoneos;
				SWIFT_ACTIVE_COMPILATION_CONDITIONS = DEBUG;
				SWIFT_OPTIMIZATION_LEVEL = "-Onone";
			};
			name = Debug;
		};
		4B3D5DE6246D8F3200328B02 /* Release */ = {
			isa = XCBuildConfiguration;
			buildSettings = {
				ALWAYS_SEARCH_USER_PATHS = NO;
				CLANG_ANALYZER_NONNULL = YES;
				CLANG_ANALYZER_NUMBER_OBJECT_CONVERSION = YES_AGGRESSIVE;
				CLANG_CXX_LANGUAGE_STANDARD = "gnu++14";
				CLANG_CXX_LIBRARY = "libc++";
				CLANG_ENABLE_MODULES = YES;
				CLANG_ENABLE_OBJC_ARC = YES;
				CLANG_ENABLE_OBJC_WEAK = YES;
				CLANG_WARN_BLOCK_CAPTURE_AUTORELEASING = YES;
				CLANG_WARN_BOOL_CONVERSION = YES;
				CLANG_WARN_COMMA = YES;
				CLANG_WARN_CONSTANT_CONVERSION = YES;
				CLANG_WARN_DEPRECATED_OBJC_IMPLEMENTATIONS = YES;
				CLANG_WARN_DIRECT_OBJC_ISA_USAGE = YES_ERROR;
				CLANG_WARN_DOCUMENTATION_COMMENTS = YES;
				CLANG_WARN_EMPTY_BODY = YES;
				CLANG_WARN_ENUM_CONVERSION = YES;
				CLANG_WARN_INFINITE_RECURSION = YES;
				CLANG_WARN_INT_CONVERSION = YES;
				CLANG_WARN_NON_LITERAL_NULL_CONVERSION = YES;
				CLANG_WARN_OBJC_IMPLICIT_RETAIN_SELF = YES;
				CLANG_WARN_OBJC_LITERAL_CONVERSION = YES;
				CLANG_WARN_OBJC_ROOT_CLASS = YES_ERROR;
				CLANG_WARN_RANGE_LOOP_ANALYSIS = YES;
				CLANG_WARN_STRICT_PROTOTYPES = YES;
				CLANG_WARN_SUSPICIOUS_MOVE = YES;
				CLANG_WARN_UNGUARDED_AVAILABILITY = YES_AGGRESSIVE;
				CLANG_WARN_UNREACHABLE_CODE = YES;
				CLANG_WARN__DUPLICATE_METHOD_MATCH = YES;
				COPY_PHASE_STRIP = NO;
				DEBUG_INFORMATION_FORMAT = "dwarf-with-dsym";
				ENABLE_NS_ASSERTIONS = NO;
				ENABLE_STRICT_OBJC_MSGSEND = YES;
				GCC_C_LANGUAGE_STANDARD = gnu11;
				GCC_NO_COMMON_BLOCKS = YES;
				GCC_WARN_64_TO_32_BIT_CONVERSION = YES;
				GCC_WARN_ABOUT_RETURN_TYPE = YES_ERROR;
				GCC_WARN_UNDECLARED_SELECTOR = YES;
				GCC_WARN_UNINITIALIZED_AUTOS = YES_AGGRESSIVE;
				GCC_WARN_UNUSED_FUNCTION = YES;
				GCC_WARN_UNUSED_VARIABLE = YES;
				IPHONEOS_DEPLOYMENT_TARGET = 13.2;
				MTL_ENABLE_DEBUG_INFO = NO;
				MTL_FAST_MATH = YES;
				SDKROOT = iphoneos;
				SWIFT_COMPILATION_MODE = wholemodule;
				SWIFT_OPTIMIZATION_LEVEL = "-O";
				VALIDATE_PRODUCT = YES;
			};
			name = Release;
		};
		4B3D5DE8246D8F3200328B02 /* Debug */ = {
			isa = XCBuildConfiguration;
			buildSettings = {
				ASSETCATALOG_COMPILER_APPICON_NAME = AppIcon;
				CODE_SIGN_STYLE = Automatic;
				INFOPLIST_FILE = iOS_MVP/Info.plist;
				LD_RUNPATH_SEARCH_PATHS = (
					"$(inherited)",
					"@executable_path/Frameworks",
				);
				PRODUCT_BUNDLE_IDENTIFIER = "com.soxjke.iOS-MVP";
				PRODUCT_NAME = "$(TARGET_NAME)";
				SWIFT_VERSION = 5.0;
				TARGETED_DEVICE_FAMILY = "1,2";
			};
			name = Debug;
		};
		4B3D5DE9246D8F3200328B02 /* Release */ = {
			isa = XCBuildConfiguration;
			buildSettings = {
				ASSETCATALOG_COMPILER_APPICON_NAME = AppIcon;
				CODE_SIGN_STYLE = Automatic;
				INFOPLIST_FILE = iOS_MVP/Info.plist;
				LD_RUNPATH_SEARCH_PATHS = (
					"$(inherited)",
					"@executable_path/Frameworks",
				);
				PRODUCT_BUNDLE_IDENTIFIER = "com.soxjke.iOS-MVP";
				PRODUCT_NAME = "$(TARGET_NAME)";
				SWIFT_VERSION = 5.0;
				TARGETED_DEVICE_FAMILY = "1,2";
			};
			name = Release;
		};
/* End XCBuildConfiguration section */

/* Begin XCConfigurationList section */
		4B3D5DCE246D8F2F00328B02 /* Build configuration list for PBXProject "iOS_MVP" */ = {
			isa = XCConfigurationList;
			buildConfigurations = (
				4B3D5DE5246D8F3200328B02 /* Debug */,
				4B3D5DE6246D8F3200328B02 /* Release */,
			);
			defaultConfigurationIsVisible = 0;
			defaultConfigurationName = Release;
		};
		4B3D5DE7246D8F3200328B02 /* Build configuration list for PBXNativeTarget "iOS_MVP" */ = {
			isa = XCConfigurationList;
			buildConfigurations = (
				4B3D5DE8246D8F3200328B02 /* Debug */,
				4B3D5DE9246D8F3200328B02 /* Release */,
			);
			defaultConfigurationIsVisible = 0;
			defaultConfigurationName = Release;
		};
/* End XCConfigurationList section */
	};
	rootObject = 4B3D5DCB246D8F2F00328B02 /* Project object */;
}
